github.com/jinzhu/inflection v1.0.0 h1:K317FqzuhWc8YvSVlFMCCUb36O/S9MCKRDI7QkRKD/E=
github.com/jinzhu/inflection v1.0.0/go.mod h1:h+uFLlag+Qp1Va5pdKtLDYj+kHp5pxUVkryuEj+Srlc=
github.com/jinzhu/now v1.1.5 h1:/o9tlHleP7gOFmsnYNz3RGnqzefHA47wQpKrrdTIwXQ=
github.com/jinzhu/now v1.1.5/go.mod h1:d3SSVoowX0Lcu0IBviAWJpolVfI5UJVZZ7cO71lE/z8=
github.com/starter-go/afs v0.9.1 h1:KbNSB/+YjFC7OWYsB9bL8MZvOowXKLH8qidZ2PrSyGg=
github.com/starter-go/afs v0.9.1/go.mod h1:8CnmFENXVgN8QV71S8EJd/Z0QVfSoFmdZrnGBbMDx2A=
github.com/starter-go/application v0.9.11 h1:dPdWzxqf8tM2DitK9vmDfDWmNmZwpKr9MQsPQ4OP+Mw=
github.com/starter-go/application v0.9.11/go.mod h1:e5Zet+QGLL1/bxCgtPg2S/wI0vD9q71GNKju7bJOtQI=
github.com/starter-go/base v0.9.6 h1:X+56iD4qO3hd9h7JAl2VbZ1cK4ib3kJzn+ks/4srbp8=
github.com/starter-go/base v0.9.6/go.mod h1:cTaamu+V1rSWCnfkeebl7yVZHlZiBHzxNVZap47wbtw=
github.com/starter-go/configen v0.9.2 h1:UdjHSxFJU15lVbckJF6gANsGLfJSgzz93ZAZZjbP4d8=
github.com/starter-go/configen v0.9.2/go.mod h1:biLRjMPfuSsAJBoNSNXaMcWle4uIxKvvgu1Xr/8/C/8=
github.com/starter-go/starter v1.0.1 h1:KdtrIOwzOm8C2NYnmjU87/EWGhXSHtl8Eb9cb16tDHs=
github.com/starter-go/starter v1.0.1/go.mod h1:olnuzCYgV+/jOOm42qXx61GGEp/rYFPbO7NGWX13erA=
github.com/starter-go/vlog v0.9.5 h1:Rh5L8KjicweDjH5UDKVQzqG2Q9/y63G1TWHe8u6VZpk=
github.com/starter-go/vlog v0.9.5/go.mod h1:WSaU9IGbEaDe/Eoh2W8JOjSn6wdjfGkgBbxJxaqUI/0=
gorm.io/gorm v1.25.2 h1:gs1o6Vsa+oVKG/a9ElL3XgyGfghFfkKA2SInQaCyMho=
gorm.io/gorm v1.25.2/go.mod h1:L4uxeKpfBml98NYqVqwAdmV1a2nBtAec/cf3fpucW/k=
